<?xml version="1.0" encoding="utf-8"?>
<Project ToolsVersion="4.0" xmlns="http://schemas.microsoft.com/developer/msbuild/2003">
  <ItemGroup>
    <Filter Include="소스 파일">
      <UniqueIdentifier>{4FC737F1-C7A5-4376-A066-2A32D752A2FF}</UniqueIdentifier>
      <Extensions>cpp;c;cc;cxx;def;odl;idl;hpj;bat;asm;asmx</Extensions>
    </Filter>
    <Filter Include="헤더 파일">
      <UniqueIdentifier>{93995380-89BD-4b04-88EB-625FBE52EBFB}</UniqueIdentifier>
      <Extensions>h;hh;hpp;hxx;hm;inl;inc;ipp;xsd</Extensions>
    </Filter>
    <Filter Include="리소스 파일">
      <UniqueIdentifier>{67DA6AB6-F800-4c08-8B7A-83BB121AAD01}</UniqueIdentifier>
      <Extensions>rc;ico;cur;bmp;dlg;rc2;rct;bin;rgs;gif;jpg;jpeg;jpe;resx;tiff;tif;png;wav;mfcribbon-ms</Extensions>
    </Filter>
  </ItemGroup>
  <ItemGroup>
    <ClCompile Include="..\ActiveProject\chap2_practice_8.cpp">
      <Filter>소스 파일</Filter>
    </ClCompile>
    <ClCompile Include="..\ActiveProject\chap2_practice_2.cpp">
      <Filter>소스 파일</Filter>
    </ClCompile>
    <ClCompile Include="..\ActiveProject\chap2_practice_14.cpp">
      <Filter>소스 파일</Filter>
    </ClCompile>
    <ClCompile Include="..\ActiveProject\chap3_OpenChallenge_Exp.cpp">
      <Filter>소스 파일</Filter>
    </ClCompile>
    <ClCompile Include="..\ActiveProject\chap3_practice_4_CoffeeMachine.cpp">
      <Filter>소스 파일</Filter>
    </ClCompile>
    <ClCompile Include="..\ActiveProject\chap3_practice_1_Tower.cpp">
      <Filter>소스 파일</Filter>
    </ClCompile>
    <ClCompile Include="..\ActiveProject\chap3_practice_1_TowerMain.cpp">
      <Filter>소스 파일</Filter>
    </ClCompile>
    <ClCompile Include="..\ActiveProject\chap3_practice_4_CoffeeMachineMain.cpp">
      <Filter>소스 파일</Filter>
    </ClCompile>
    <ClCompile Include="..\ActiveProject\chap3_OpenChallenge_ExpMain.cpp">
      <Filter>소스 파일</Filter>
    </ClCompile>
    <ClCompile Include="..\ActiveProject\chap3_practice_6_EvenRandom.cpp">
      <Filter>소스 파일</Filter>
    </ClCompile>
    <ClCompile Include="..\ActiveProject\chap3_practice_6_EvenRandomMain.cpp">
      <Filter>소스 파일</Filter>
    </ClCompile>
    <ClCompile Include="..\ActiveProject\chap2_practice_13.cpp">
      <Filter>소스 파일</Filter>
    </ClCompile>
    <ClCompile Include="..\ActiveProject\chap2_practice_15.cpp">
      <Filter>소스 파일</Filter>
    </ClCompile>
    <ClCompile Include="..\ActiveProject\chap2_practice_16.cpp">
      <Filter>소스 파일</Filter>
    </ClCompile>
    <ClCompile Include="..\ActiveProject\chap3_practice_2_DateMain.cpp">
      <Filter>소스 파일</Filter>
    </ClCompile>
    <ClCompile Include="..\ActiveProject\chap3_practice_2_Date.cpp">
      <Filter>소스 파일</Filter>
    </ClCompile>
    <ClCompile Include="..\ActiveProject\chap3_practice_3_AccountMain.cpp">
      <Filter>소스 파일</Filter>
    </ClCompile>
    <ClCompile Include="..\ActiveProject\chap3_practice_3_Account.cpp">
      <Filter>소스 파일</Filter>
    </ClCompile>
    <ClCompile Include="..\ActiveProject\chap3_practice_5_Random.cpp">
      <Filter>소스 파일</Filter>
    </ClCompile>
    <ClCompile Include="..\ActiveProject\chap3_practice_5_RandomMain.cpp">
      <Filter>소스 파일</Filter>
    </ClCompile>
    <ClCompile Include="..\ActiveProject\chap3_practice_7_SelectableRandom.cpp">
      <Filter>소스 파일</Filter>
    </ClCompile>
    <ClCompile Include="..\ActiveProject\chap3_practice_7_SelectableRandomMain.cpp">
      <Filter>소스 파일</Filter>
    </ClCompile>
    <ClCompile Include="..\ActiveProject\chap4_practice_11.cpp">
      <Filter>소스 파일</Filter>
    </ClCompile>
    <ClCompile Include="..\ActiveProject\chap4_OpenChallenge.cpp">
      <Filter>소스 파일</Filter>
    </ClCompile>
    <ClCompile Include="..\ActiveProject\chap4_pracitce_6.cpp">
      <Filter>소스 파일</Filter>
    </ClCompile>
    <ClCompile Include="..\ActiveProject\chap4_practice_10.cpp">
      <Filter>소스 파일</Filter>
    </ClCompile>
    <ClCompile Include="..\ActiveProject\chap4_practice_12.cpp">
      <Filter>소스 파일</Filter>
    </ClCompile>
    <ClCompile Include="..\ActiveProject\chap4_practice_13.cpp">
      <Filter>소스 파일</Filter>
    </ClCompile>
    <ClCompile Include="..\ActiveProject\chap4_practice_14.cpp">
      <Filter>소스 파일</Filter>
    </ClCompile>
    <ClCompile Include="..\ActiveProject\chap5_pracitce_3.cpp">
      <Filter>소스 파일</Filter>
    </ClCompile>
    <ClCompile Include="..\ActiveProject\chap5_pracitce_6.cpp">
      <Filter>소스 파일</Filter>
    </ClCompile>
    <ClCompile Include="..\ActiveProject\chap5_practice_10.cpp">
      <Filter>소스 파일</Filter>
    </ClCompile>
  </ItemGroup>
  <ItemGroup>
    <ClInclude Include="..\ActiveProject\Exp.h">
      <Filter>헤더 파일</Filter>
    </ClInclude>
    <ClInclude Include="..\ActiveProject\CoffeeMachine.h">
      <Filter>헤더 파일</Filter>
    </ClInclude>
    <ClInclude Include="..\ActiveProject\Circle.h">
      <Filter>헤더 파일</Filter>
    </ClInclude>
    <ClInclude Include="..\ActiveProject\Rectangle.h">
      <Filter>헤더 파일</Filter>
    </ClInclude>
    <ClInclude Include="..\ActiveProject\Tower.h">
      <Filter>헤더 파일</Filter>
    </ClInclude>
    <ClInclude Include="..\ActiveProject\EvenRandom.h">
      <Filter>헤더 파일</Filter>
    </ClInclude>
    <ClInclude Include="..\ActiveProject\Date.h">
      <Filter>헤더 파일</Filter>
    </ClInclude>
    <ClInclude Include="..\ActiveProject\Account.h">
      <Filter>헤더 파일</Filter>
    </ClInclude>
    <ClInclude Include="..\ActiveProject\Random.h">
      <Filter>헤더 파일</Filter>
    </ClInclude>
    <ClInclude Include="..\ActiveProject\SelectableRandom.h">
      <Filter>헤더 파일</Filter>
    </ClInclude>
  </ItemGroup>
</Project>