<?xml version="1.0" encoding="utf-8"?>
<Project ToolsVersion="4.0" xmlns="http://schemas.microsoft.com/developer/msbuild/2003">
  <ItemGroup>
    <Filter Include="헤더 파일">
      <UniqueIdentifier>{93995380-89BD-4b04-88EB-625FBE52EBFB}</UniqueIdentifier>
      <Extensions>h;hh;hpp;hxx;h++;hm;inl;inc;ipp;xsd</Extensions>
    </Filter>
    <Filter Include="리소스 파일">
      <UniqueIdentifier>{67DA6AB6-F800-4c08-8B7A-83BB121AAD01}</UniqueIdentifier>
      <Extensions>rc;ico;cur;bmp;dlg;rc2;rct;bin;rgs;gif;jpg;jpeg;jpe;resx;tiff;tif;png;wav;mfcribbon-ms</Extensions>
    </Filter>
    <Filter Include="소스 파일">
      <UniqueIdentifier>{4FC737F1-C7A5-4376-A066-2A32D752A2FF}</UniqueIdentifier>
      <Extensions>cpp;c;cc;cxx;c++;def;odl;idl;hpj;bat;asm;asmx</Extensions>
    </Filter>
    <Filter Include="소스 파일\chap4">
      <UniqueIdentifier>{aa41f6d4-d209-4c7a-90bd-1b4a1cc52baf}</UniqueIdentifier>
    </Filter>
    <Filter Include="소스 파일\chap5">
      <UniqueIdentifier>{418279a2-ab2e-4a58-a89f-eb1e56f6ed83}</UniqueIdentifier>
    </Filter>
    <Filter Include="소스 파일\chap7">
      <UniqueIdentifier>{7b8935c3-a975-4f7c-864d-9890ac97ef30}</UniqueIdentifier>
    </Filter>
    <Filter Include="소스 파일\chap8">
      <UniqueIdentifier>{4464a1f2-0195-4656-8e6f-d63584ec4e8c}</UniqueIdentifier>
    </Filter>
    <Filter Include="소스 파일\chap9">
      <UniqueIdentifier>{24bf8901-571f-4de4-b48f-90964bf9d57b}</UniqueIdentifier>
    </Filter>
    <Filter Include="소스 파일\chap12">
      <UniqueIdentifier>{4091db65-a574-4200-9087-c270fd446346}</UniqueIdentifier>
    </Filter>
  </ItemGroup>
  <ItemGroup>
    <ClCompile Include="..\ActiveProject\prac4_6.cpp">
      <Filter>소스 파일\chap4</Filter>
    </ClCompile>
    <ClCompile Include="..\ActiveProject\prac4_10.cpp">
      <Filter>소스 파일\chap4</Filter>
    </ClCompile>
    <ClCompile Include="..\ActiveProject\prac4_11.cpp">
      <Filter>소스 파일\chap4</Filter>
    </ClCompile>
    <ClCompile Include="..\ActiveProject\prac4_12.cpp">
      <Filter>소스 파일\chap4</Filter>
    </ClCompile>
    <ClCompile Include="..\ActiveProject\prac4_13.cpp">
      <Filter>소스 파일\chap4</Filter>
    </ClCompile>
    <ClCompile Include="..\ActiveProject\prac4_14.cpp">
      <Filter>소스 파일\chap4</Filter>
    </ClCompile>
    <ClCompile Include="..\ActiveProject\open4.cpp">
      <Filter>소스 파일\chap4</Filter>
    </ClCompile>
    <ClCompile Include="..\ActiveProject\open5.cpp">
      <Filter>소스 파일\chap5</Filter>
    </ClCompile>
    <ClCompile Include="..\ActiveProject\prac5_3.cpp">
      <Filter>소스 파일\chap5</Filter>
    </ClCompile>
    <ClCompile Include="..\ActiveProject\prac5_6.cpp">
      <Filter>소스 파일\chap5</Filter>
    </ClCompile>
    <ClCompile Include="..\ActiveProject\prac5_10.cpp">
      <Filter>소스 파일\chap5</Filter>
    </ClCompile>
    <ClCompile Include="..\ActiveProject\prac5_12.cpp">
      <Filter>소스 파일\chap5</Filter>
    </ClCompile>
    <ClCompile Include="..\ActiveProject\open7.cpp">
      <Filter>소스 파일\chap7</Filter>
    </ClCompile>
    <ClCompile Include="..\ActiveProject\prac7_6.cpp">
      <Filter>소스 파일\chap7</Filter>
    </ClCompile>
    <ClCompile Include="..\ActiveProject\prac7_7.cpp">
      <Filter>소스 파일\chap7</Filter>
    </ClCompile>
    <ClCompile Include="..\ActiveProject\prac7_9.cpp">
      <Filter>소스 파일\chap7</Filter>
    </ClCompile>
    <ClCompile Include="..\ActiveProject\prac7_10.cpp">
      <Filter>소스 파일\chap7</Filter>
    </ClCompile>
    <ClCompile Include="..\ActiveProject\prac7_11.cpp">
      <Filter>소스 파일\chap7</Filter>
    </ClCompile>
    <ClCompile Include="..\ActiveProject\prac7_12.cpp">
      <Filter>소스 파일\chap7</Filter>
    </ClCompile>
    <ClCompile Include="..\ActiveProject\prac8_2.cpp">
      <Filter>소스 파일\chap8</Filter>
    </ClCompile>
    <ClCompile Include="..\ActiveProject\prac8_5.cpp">
      <Filter>소스 파일\chap8</Filter>
    </ClCompile>
    <ClCompile Include="..\ActiveProject\prac8_6.cpp">
      <Filter>소스 파일\chap8</Filter>
    </ClCompile>
    <ClCompile Include="..\ActiveProject\Operator.cpp">
      <Filter>소스 파일\chap7</Filter>
    </ClCompile>
    <ClCompile Include="..\ActiveProject\Inheritance.cpp">
      <Filter>소스 파일\chap8</Filter>
    </ClCompile>
    <ClCompile Include="..\ActiveProject\prac8_7.cpp">
      <Filter>소스 파일\chap8</Filter>
    </ClCompile>
    <ClCompile Include="..\ActiveProject\prac8_8.cpp">
      <Filter>소스 파일\chap8</Filter>
    </ClCompile>
    <ClCompile Include="..\ActiveProject\prac8_9a.cpp">
      <Filter>소스 파일\chap8</Filter>
    </ClCompile>
    <ClCompile Include="..\ActiveProject\prac8_9b.cpp">
      <Filter>소스 파일\chap8</Filter>
    </ClCompile>
    <ClCompile Include="..\ActiveProject\prac8_9c.cpp">
      <Filter>소스 파일\chap8</Filter>
    </ClCompile>
    <ClCompile Include="..\ActiveProject\open8.cpp">
      <Filter>소스 파일\chap8</Filter>
    </ClCompile>
    <ClCompile Include="..\ActiveProject\prac9_9.cpp">
      <Filter>소스 파일\chap9</Filter>
    </ClCompile>
    <ClCompile Include="..\ActiveProject\prac9_10.cpp">
      <Filter>소스 파일\chap9</Filter>
    </ClCompile>
    <ClCompile Include="..\ActiveProject\File_IO.cpp">
      <Filter>소스 파일\chap12</Filter>
    </ClCompile>
    <ClCompile Include="..\ActiveProject\open12.cpp">
      <Filter>소스 파일\chap12</Filter>
    </ClCompile>
    <ClCompile Include="..\ActiveProject\prac12_5.cpp">
      <Filter>소스 파일\chap12</Filter>
    </ClCompile>
  </ItemGroup>
</Project>