
Microsoft Visual Studio Solution File, Format Version 12.00
# Visual Studio 15
VisualStudioVersion = 15.0.28307.1022
MinimumVisualStudioVersion = 10.0.40219.1
Project("{8BC9CEB8-8B4A-11D0-8D11-00A0C91BC942}") = "ObjectOrientedLanguage", "ObjectOrientedLanguage\ObjectOrientedLanguage.vcxproj", "{36EE3FB2-00CC-4500-ABD5-CAB8184CA7F4}"
EndProject
Project("{8BC9CEB8-8B4A-11D0-8D11-00A0C91BC942}") = "ActiveProject", "ActiveProject\ActiveProject.vcxproj", "{D627EDA1-9E5E-4B81-939F-BB622C3211BF}"
EndProject
Project("{8BC9CEB8-8B4A-11D0-8D11-00A0C91BC942}") = "PersonalArchive", "PersonalArchive\PersonalArchive.vcxproj", "{03E3CC2B-E855-4504-8E49-DC2422ED2FB2}"
EndProject
Project("{8BC9CEB8-8B4A-11D0-8D11-00A0C91BC942}") = "ComputerProgramming", "ComputerProgramming\ComputerProgramming.vcxproj", "{AA53BB51-8D81-42B6-A994-2EF44573BE51}"
EndProject
Project("{8BC9CEB8-8B4A-11D0-8D11-00A0C91BC942}") = "DataStructure", "DataStructure\DataStructure.vcxproj", "{6DDB69E8-B90B-4276-BB5F-079E18C29A7B}"
EndProject
Global
	GlobalSection(SolutionConfigurationPlatforms) = preSolution
		Debug|x64 = Debug|x64
		Debug|x86 = Debug|x86
		Release|x64 = Release|x64
		Release|x86 = Release|x86
	EndGlobalSection
	GlobalSection(ProjectConfigurationPlatforms) = postSolution
		{36EE3FB2-00CC-4500-ABD5-CAB8184CA7F4}.Debug|x64.ActiveCfg = Debug|x64
		{36EE3FB2-00CC-4500-ABD5-CAB8184CA7F4}.Debug|x64.Build.0 = Debug|x64
		{36EE3FB2-00CC-4500-ABD5-CAB8184CA7F4}.Debug|x86.ActiveCfg = Debug|Win32
		{36EE3FB2-00CC-4500-ABD5-CAB8184CA7F4}.Debug|x86.Build.0 = Debug|Win32
		{36EE3FB2-00CC-4500-ABD5-CAB8184CA7F4}.Release|x64.ActiveCfg = Release|x64
		{36EE3FB2-00CC-4500-ABD5-CAB8184CA7F4}.Release|x64.Build.0 = Release|x64
		{36EE3FB2-00CC-4500-ABD5-CAB8184CA7F4}.Release|x86.ActiveCfg = Release|Win32
		{36EE3FB2-00CC-4500-ABD5-CAB8184CA7F4}.Release|x86.Build.0 = Release|Win32
		{D627EDA1-9E5E-4B81-939F-BB622C3211BF}.Debug|x64.ActiveCfg = Debug|x64
		{D627EDA1-9E5E-4B81-939F-BB622C3211BF}.Debug|x64.Build.0 = Debug|x64
		{D627EDA1-9E5E-4B81-939F-BB622C3211BF}.Debug|x86.ActiveCfg = Debug|Win32
		{D627EDA1-9E5E-4B81-939F-BB622C3211BF}.Debug|x86.Build.0 = Debug|Win32
		{D627EDA1-9E5E-4B81-939F-BB622C3211BF}.Release|x64.ActiveCfg = Release|x64
		{D627EDA1-9E5E-4B81-939F-BB622C3211BF}.Release|x64.Build.0 = Release|x64
		{D627EDA1-9E5E-4B81-939F-BB622C3211BF}.Release|x86.ActiveCfg = Release|Win32
		{D627EDA1-9E5E-4B81-939F-BB622C3211BF}.Release|x86.Build.0 = Release|Win32
		{03E3CC2B-E855-4504-8E49-DC2422ED2FB2}.Debug|x64.ActiveCfg = Debug|x64
		{03E3CC2B-E855-4504-8E49-DC2422ED2FB2}.Debug|x64.Build.0 = Debug|x64
		{03E3CC2B-E855-4504-8E49-DC2422ED2FB2}.Debug|x86.ActiveCfg = Debug|Win32
		{03E3CC2B-E855-4504-8E49-DC2422ED2FB2}.Debug|x86.Build.0 = Debug|Win32
		{03E3CC2B-E855-4504-8E49-DC2422ED2FB2}.Release|x64.ActiveCfg = Release|x64
		{03E3CC2B-E855-4504-8E49-DC2422ED2FB2}.Release|x64.Build.0 = Release|x64
		{03E3CC2B-E855-4504-8E49-DC2422ED2FB2}.Release|x86.ActiveCfg = Release|Win32
		{03E3CC2B-E855-4504-8E49-DC2422ED2FB2}.Release|x86.Build.0 = Release|Win32
		{AA53BB51-8D81-42B6-A994-2EF44573BE51}.Debug|x64.ActiveCfg = Debug|x64
		{AA53BB51-8D81-42B6-A994-2EF44573BE51}.Debug|x64.Build.0 = Debug|x64
		{AA53BB51-8D81-42B6-A994-2EF44573BE51}.Debug|x86.ActiveCfg = Debug|Win32
		{AA53BB51-8D81-42B6-A994-2EF44573BE51}.Debug|x86.Build.0 = Debug|Win32
		{AA53BB51-8D81-42B6-A994-2EF44573BE51}.Release|x64.ActiveCfg = Release|x64
		{AA53BB51-8D81-42B6-A994-2EF44573BE51}.Release|x64.Build.0 = Release|x64
		{AA53BB51-8D81-42B6-A994-2EF44573BE51}.Release|x86.ActiveCfg = Release|Win32
		{AA53BB51-8D81-42B6-A994-2EF44573BE51}.Release|x86.Build.0 = Release|Win32
		{6DDB69E8-B90B-4276-BB5F-079E18C29A7B}.Debug|x64.ActiveCfg = Debug|x64
		{6DDB69E8-B90B-4276-BB5F-079E18C29A7B}.Debug|x64.Build.0 = Debug|x64
		{6DDB69E8-B90B-4276-BB5F-079E18C29A7B}.Debug|x86.ActiveCfg = Debug|Win32
		{6DDB69E8-B90B-4276-BB5F-079E18C29A7B}.Debug|x86.Build.0 = Debug|Win32
		{6DDB69E8-B90B-4276-BB5F-079E18C29A7B}.Release|x64.ActiveCfg = Release|x64
		{6DDB69E8-B90B-4276-BB5F-079E18C29A7B}.Release|x64.Build.0 = Release|x64
		{6DDB69E8-B90B-4276-BB5F-079E18C29A7B}.Release|x86.ActiveCfg = Release|Win32
		{6DDB69E8-B90B-4276-BB5F-079E18C29A7B}.Release|x86.Build.0 = Release|Win32
	EndGlobalSection
	GlobalSection(SolutionProperties) = preSolution
		HideSolutionNode = FALSE
	EndGlobalSection
	GlobalSection(ExtensibilityGlobals) = postSolution
		SolutionGuid = {6EB04171-7EFA-4BE0-971D-8E1C916F3C44}
	EndGlobalSection
EndGlobal
